// !$*UTF8*$!
{
	archiveVersion = 1;
	classes = {
	};
	objectVersion = 46;
	objects = {

/* Begin PBXBuildFile section */
		8BABDA1A18EF4E0900661874 /* Foundation.framework in Frameworks */ = {isa = PBXBuildFile; fileRef = 8BABDA1918EF4E0900661874 /* Foundation.framework */; };
		8BABDA1C18EF4E0900661874 /* CoreGraphics.framework in Frameworks */ = {isa = PBXBuildFile; fileRef = 8BABDA1B18EF4E0900661874 /* CoreGraphics.framework */; };
		8BABDA1E18EF4E0900661874 /* UIKit.framework in Frameworks */ = {isa = PBXBuildFile; fileRef = 8BABDA1D18EF4E0900661874 /* UIKit.framework */; };
		8BABDA2018EF4E0900661874 /* CoreData.framework in Frameworks */ = {isa = PBXBuildFile; fileRef = 8BABDA1F18EF4E0900661874 /* CoreData.framework */; };
		8BABDA2618EF4E0900661874 /* InfoPlist.strings in Resources */ = {isa = PBXBuildFile; fileRef = 8BABDA2418EF4E0900661874 /* InfoPlist.strings */; };
		8BABDA2818EF4E0900661874 /* main.m in Sources */ = {isa = PBXBuildFile; fileRef = 8BABDA2718EF4E0900661874 /* main.m */; };
		8BABDA2C18EF4E0900661874 /* AppDelegate.m in Sources */ = {isa = PBXBuildFile; fileRef = 8BABDA2B18EF4E0900661874 /* AppDelegate.m */; };
		8BABDA2F18EF4E0900661874 /* Capture.xcdatamodeld in Sources */ = {isa = PBXBuildFile; fileRef = 8BABDA2D18EF4E0900661874 /* Capture.xcdatamodeld */; };
		8BABDA3118EF4E0900661874 /* Images.xcassets in Resources */ = {isa = PBXBuildFile; fileRef = 8BABDA3018EF4E0900661874 /* Images.xcassets */; };
		8BABDA3818EF4E0900661874 /* XCTest.framework in Frameworks */ = {isa = PBXBuildFile; fileRef = 8BABDA3718EF4E0900661874 /* XCTest.framework */; };
		8BABDA3918EF4E0900661874 /* Foundation.framework in Frameworks */ = {isa = PBXBuildFile; fileRef = 8BABDA1918EF4E0900661874 /* Foundation.framework */; };
		8BABDA3A18EF4E0900661874 /* UIKit.framework in Frameworks */ = {isa = PBXBuildFile; fileRef = 8BABDA1D18EF4E0900661874 /* UIKit.framework */; };
		8BABDA3B18EF4E0900661874 /* CoreData.framework in Frameworks */ = {isa = PBXBuildFile; fileRef = 8BABDA1F18EF4E0900661874 /* CoreData.framework */; };
		8BABDA4318EF4E0900661874 /* InfoPlist.strings in Resources */ = {isa = PBXBuildFile; fileRef = 8BABDA4118EF4E0900661874 /* InfoPlist.strings */; };
		8BABDA4518EF4E0900661874 /* CaptureTests.m in Sources */ = {isa = PBXBuildFile; fileRef = 8BABDA4418EF4E0900661874 /* CaptureTests.m */; };
		8BABDA4F18EF4E2C00661874 /* Storyboard.storyboard in Resources */ = {isa = PBXBuildFile; fileRef = 8BABDA4E18EF4E2C00661874 /* Storyboard.storyboard */; };
		8BABDA5218EF4E5000661874 /* CaptureViewController.m in Sources */ = {isa = PBXBuildFile; fileRef = 8BABDA5118EF4E5000661874 /* CaptureViewController.m */; };
		8BABDA5618EF56BA00661874 /* MobileCoreServices.framework in Frameworks */ = {isa = PBXBuildFile; fileRef = 8BABDA5518EF56BA00661874 /* MobileCoreServices.framework */; };
/* End PBXBuildFile section */

/* Begin PBXContainerItemProxy section */
		8BABDA3C18EF4E0900661874 /* PBXContainerItemProxy */ = {
			isa = PBXContainerItemProxy;
			containerPortal = 8BABDA0E18EF4E0900661874 /* Project object */;
			proxyType = 1;
			remoteGlobalIDString = 8BABDA1518EF4E0900661874;
			remoteInfo = Capture;
		};
/* End PBXContainerItemProxy section */

/* Begin PBXFileReference section */
		8BABDA1618EF4E0900661874 /* Capture.app */ = {isa = PBXFileReference; explicitFileType = wrapper.application; includeInIndex = 0; path = Capture.app; sourceTree = BUILT_PRODUCTS_DIR; };
		8BABDA1918EF4E0900661874 /* Foundation.framework */ = {isa = PBXFileReference; lastKnownFileType = wrapper.framework; name = Foundation.framework; path = System/Library/Frameworks/Foundation.framework; sourceTree = SDKROOT; };
		8BABDA1B18EF4E0900661874 /* CoreGraphics.framework */ = {isa = PBXFileReference; lastKnownFileType = wrapper.framework; name = CoreGraphics.framework; path = System/Library/Frameworks/CoreGraphics.framework; sourceTree = SDKROOT; };
		8BABDA1D18EF4E0900661874 /* UIKit.framework */ = {isa = PBXFileReference; lastKnownFileType = wrapper.framework; name = UIKit.framework; path = System/Library/Frameworks/UIKit.framework; sourceTree = SDKROOT; };
		8BABDA1F18EF4E0900661874 /* CoreData.framework */ = {isa = PBXFileReference; lastKnownFileType = wrapper.framework; name = CoreData.framework; path = System/Library/Frameworks/CoreData.framework; sourceTree = SDKROOT; };
		8BABDA2318EF4E0900661874 /* Capture-Info.plist */ = {isa = PBXFileReference; lastKnownFileType = text.plist.xml; path = "Capture-Info.plist"; sourceTree = "<group>"; };
		8BABDA2518EF4E0900661874 /* en */ = {isa = PBXFileReference; lastKnownFileType = text.plist.strings; name = en; path = en.lproj/InfoPlist.strings; sourceTree = "<group>"; };
		8BABDA2718EF4E0900661874 /* main.m */ = {isa = PBXFileReference; lastKnownFileType = sourcecode.c.objc; path = main.m; sourceTree = "<group>"; };
		8BABDA2918EF4E0900661874 /* Capture-Prefix.pch */ = {isa = PBXFileReference; lastKnownFileType = sourcecode.c.h; path = "Capture-Prefix.pch"; sourceTree = "<group>"; };
		8BABDA2A18EF4E0900661874 /* AppDelegate.h */ = {isa = PBXFileReference; lastKnownFileType = sourcecode.c.h; path = AppDelegate.h; sourceTree = "<group>"; };
		8BABDA2B18EF4E0900661874 /* AppDelegate.m */ = {isa = PBXFileReference; lastKnownFileType = sourcecode.c.objc; path = AppDelegate.m; sourceTree = "<group>"; };
		8BABDA2E18EF4E0900661874 /* Capture.xcdatamodel */ = {isa = PBXFileReference; lastKnownFileType = wrapper.xcdatamodel; path = Capture.xcdatamodel; sourceTree = "<group>"; };
		8BABDA3018EF4E0900661874 /* Images.xcassets */ = {isa = PBXFileReference; lastKnownFileType = folder.assetcatalog; path = Images.xcassets; sourceTree = "<group>"; };
		8BABDA3618EF4E0900661874 /* CaptureTests.xctest */ = {isa = PBXFileReference; explicitFileType = wrapper.cfbundle; includeInIndex = 0; path = CaptureTests.xctest; sourceTree = BUILT_PRODUCTS_DIR; };
		8BABDA3718EF4E0900661874 /* XCTest.framework */ = {isa = PBXFileReference; lastKnownFileType = wrapper.framework; name = XCTest.framework; path = Library/Frameworks/XCTest.framework; sourceTree = DEVELOPER_DIR; };
		8BABDA4018EF4E0900661874 /* CaptureTests-Info.plist */ = {isa = PBXFileReference; lastKnownFileType = text.plist.xml; path = "CaptureTests-Info.plist"; sourceTree = "<group>"; };
		8BABDA4218EF4E0900661874 /* en */ = {isa = PBXFileReference; lastKnownFileType = text.plist.strings; name = en; path = en.lproj/InfoPlist.strings; sourceTree = "<group>"; };
		8BABDA4418EF4E0900661874 /* CaptureTests.m */ = {isa = PBXFileReference; lastKnownFileType = sourcecode.c.objc; path = CaptureTests.m; sourceTree = "<group>"; };
		8BABDA4E18EF4E2C00661874 /* Storyboard.storyboard */ = {isa = PBXFileReference; fileEncoding = 4; lastKnownFileType = file.storyboard; path = Storyboard.storyboard; sourceTree = "<group>"; };
		8BABDA5018EF4E5000661874 /* CaptureViewController.h */ = {isa = PBXFileReference; fileEncoding = 4; lastKnownFileType = sourcecode.c.h; path = CaptureViewController.h; sourceTree = "<group>"; };
		8BABDA5118EF4E5000661874 /* CaptureViewController.m */ = {isa = PBXFileReference; fileEncoding = 4; lastKnownFileType = sourcecode.c.objc; path = CaptureViewController.m; sourceTree = "<group>"; };
		8BABDA5518EF56BA00661874 /* MobileCoreServices.framework */ = {isa = PBXFileReference; lastKnownFileType = wrapper.framework; name = MobileCoreServices.framework; path = System/Library/Frameworks/MobileCoreServices.framework; sourceTree = SDKROOT; };
/* End PBXFileReference section */

/* Begin PBXFrameworksBuildPhase section */
		8BABDA1318EF4E0900661874 /* Frameworks */ = {
			isa = PBXFrameworksBuildPhase;
			buildActionMask = 2147483647;
			files = (
				8BABDA5618EF56BA00661874 /* MobileCoreServices.framework in Frameworks */,
				8BABDA1C18EF4E0900661874 /* CoreGraphics.framework in Frameworks */,
				8BABDA2018EF4E0900661874 /* CoreData.framework in Frameworks */,
				8BABDA1E18EF4E0900661874 /* UIKit.framework in Frameworks */,
				8BABDA1A18EF4E0900661874 /* Foundation.framework in Frameworks */,
			);
			runOnlyForDeploymentPostprocessing = 0;
		};
		8BABDA3318EF4E0900661874 /* Frameworks */ = {
			isa = PBXFrameworksBuildPhase;
			buildActionMask = 2147483647;
			files = (
				8BABDA3818EF4E0900661874 /* XCTest.framework in Frameworks */,
				8BABDA3B18EF4E0900661874 /* CoreData.framework in Frameworks */,
				8BABDA3A18EF4E0900661874 /* UIKit.framework in Frameworks */,
				8BABDA3918EF4E0900661874 /* Foundation.framework in Frameworks */,
			);
			runOnlyForDeploymentPostprocessing = 0;
		};
/* End PBXFrameworksBuildPhase section */

/* Begin PBXGroup section */
		8BABDA0D18EF4E0900661874 = {
			isa = PBXGroup;
			children = (
				8BABDA2118EF4E0900661874 /* Capture */,
				8BABDA3E18EF4E0900661874 /* CaptureTests */,
				8BABDA1818EF4E0900661874 /* Frameworks */,
				8BABDA1718EF4E0900661874 /* Products */,
			);
			sourceTree = "<group>";
		};
		8BABDA1718EF4E0900661874 /* Products */ = {
			isa = PBXGroup;
			children = (
				8BABDA1618EF4E0900661874 /* Capture.app */,
				8BABDA3618EF4E0900661874 /* CaptureTests.xctest */,
			);
			name = Products;
			sourceTree = "<group>";
		};
		8BABDA1818EF4E0900661874 /* Frameworks */ = {
			isa = PBXGroup;
			children = (
				8BABDA5518EF56BA00661874 /* MobileCoreServices.framework */,
				8BABDA1918EF4E0900661874 /* Foundation.framework */,
				8BABDA1B18EF4E0900661874 /* CoreGraphics.framework */,
				8BABDA1D18EF4E0900661874 /* UIKit.framework */,
				8BABDA1F18EF4E0900661874 /* CoreData.framework */,
				8BABDA3718EF4E0900661874 /* XCTest.framework */,
			);
			name = Frameworks;
			sourceTree = "<group>";
		};
		8BABDA2118EF4E0900661874 /* Capture */ = {
			isa = PBXGroup;
			children = (
				8BABDA2A18EF4E0900661874 /* AppDelegate.h */,
				8BABDA2B18EF4E0900661874 /* AppDelegate.m */,
				8BABDA5018EF4E5000661874 /* CaptureViewController.h */,
				8BABDA5118EF4E5000661874 /* CaptureViewController.m */,
				8BABDA4E18EF4E2C00661874 /* Storyboard.storyboard */,
				8BABDA3018EF4E0900661874 /* Images.xcassets */,
				8BABDA2D18EF4E0900661874 /* Capture.xcdatamodeld */,
				8BABDA2218EF4E0900661874 /* Supporting Files */,
			);
			path = Capture;
			sourceTree = "<group>";
		};
		8BABDA2218EF4E0900661874 /* Supporting Files */ = {
			isa = PBXGroup;
			children = (
				8BABDA2318EF4E0900661874 /* Capture-Info.plist */,
				8BABDA2418EF4E0900661874 /* InfoPlist.strings */,
				8BABDA2718EF4E0900661874 /* main.m */,
				8BABDA2918EF4E0900661874 /* Capture-Prefix.pch */,
			);
			name = "Supporting Files";
			sourceTree = "<group>";
		};
		8BABDA3E18EF4E0900661874 /* CaptureTests */ = {
			isa = PBXGroup;
			children = (
				8BABDA4418EF4E0900661874 /* CaptureTests.m */,
				8BABDA3F18EF4E0900661874 /* Supporting Files */,
			);
			path = CaptureTests;
			sourceTree = "<group>";
		};
		8BABDA3F18EF4E0900661874 /* Supporting Files */ = {
			isa = PBXGroup;
			children = (
				8BABDA4018EF4E0900661874 /* CaptureTests-Info.plist */,
				8BABDA4118EF4E0900661874 /* InfoPlist.strings */,
			);
			name = "Supporting Files";
			sourceTree = "<group>";
		};
/* End PBXGroup section */

/* Begin PBXNativeTarget section */
		8BABDA1518EF4E0900661874 /* Capture */ = {
			isa = PBXNativeTarget;
			buildConfigurationList = 8BABDA4818EF4E0900661874 /* Build configuration list for PBXNativeTarget "Capture" */;
			buildPhases = (
				8BABDA1218EF4E0900661874 /* Sources */,
				8BABDA1318EF4E0900661874 /* Frameworks */,
				8BABDA1418EF4E0900661874 /* Resources */,
			);
			buildRules = (
			);
			dependencies = (
			);
			name = Capture;
			productName = Capture;
			productReference = 8BABDA1618EF4E0900661874 /* Capture.app */;
			productType = "com.apple.product-type.application";
		};
		8BABDA3518EF4E0900661874 /* CaptureTests */ = {
			isa = PBXNativeTarget;
			buildConfigurationList = 8BABDA4B18EF4E0900661874 /* Build configuration list for PBXNativeTarget "CaptureTests" */;
			buildPhases = (
				8BABDA3218EF4E0900661874 /* Sources */,
				8BABDA3318EF4E0900661874 /* Frameworks */,
				8BABDA3418EF4E0900661874 /* Resources */,
			);
			buildRules = (
			);
			dependencies = (
				8BABDA3D18EF4E0900661874 /* PBXTargetDependency */,
			);
			name = CaptureTests;
			productName = CaptureTests;
			productReference = 8BABDA3618EF4E0900661874 /* CaptureTests.xctest */;
			productType = "com.apple.product-type.bundle.unit-test";
		};
/* End PBXNativeTarget section */

/* Begin PBXProject section */
		8BABDA0E18EF4E0900661874 /* Project object */ = {
			isa = PBXProject;
			attributes = {
				LastUpgradeCheck = 0510;
				ORGANIZATIONNAME = "Honire d.o.o.";
				TargetAttributes = {
					8BABDA3518EF4E0900661874 = {
						TestTargetID = 8BABDA1518EF4E0900661874;
					};
				};
			};
			buildConfigurationList = 8BABDA1118EF4E0900661874 /* Build configuration list for PBXProject "Capture" */;
			compatibilityVersion = "Xcode 3.2";
			developmentRegion = English;
			hasScannedForEncodings = 0;
			knownRegions = (
				en,
			);
			mainGroup = 8BABDA0D18EF4E0900661874;
			productRefGroup = 8BABDA1718EF4E0900661874 /* Products */;
			projectDirPath = "";
			projectRoot = "";
			targets = (
				8BABDA1518EF4E0900661874 /* Capture */,
				8BABDA3518EF4E0900661874 /* CaptureTests */,
			);
		};
/* End PBXProject section */

/* Begin PBXResourcesBuildPhase section */
		8BABDA1418EF4E0900661874 /* Resources */ = {
			isa = PBXResourcesBuildPhase;
			buildActionMask = 2147483647;
			files = (
				8BABDA2618EF4E0900661874 /* InfoPlist.strings in Resources */,
				8BABDA3118EF4E0900661874 /* Images.xcassets in Resources */,
				8BABDA4F18EF4E2C00661874 /* Storyboard.storyboard in Resources */,
			);
			runOnlyForDeploymentPostprocessing = 0;
		};
		8BABDA3418EF4E0900661874 /* Resources */ = {
			isa = PBXResourcesBuildPhase;
			buildActionMask = 2147483647;
			files = (
				8BABDA4318EF4E0900661874 /* InfoPlist.strings in Resources */,
			);
			runOnlyForDeploymentPostprocessing = 0;
		};
/* End PBXResourcesBuildPhase section */

/* Begin PBXSourcesBuildPhase section */
		8BABDA1218EF4E0900661874 /* Sources */ = {
			isa = PBXSourcesBuildPhase;
			buildActionMask = 2147483647;
			files = (
				8BABDA2F18EF4E0900661874 /* Capture.xcdatamodeld in Sources */,
				8BABDA5218EF4E5000661874 /* CaptureViewController.m in Sources */,
				8BABDA2C18EF4E0900661874 /* AppDelegate.m in Sources */,
				8BABDA2818EF4E0900661874 /* main.m in Sources */,
			);
			runOnlyForDeploymentPostprocessing = 0;
		};
		8BABDA3218EF4E0900661874 /* Sources */ = {
			isa = PBXSourcesBuildPhase;
			buildActionMask = 2147483647;
			files = (
				8BABDA4518EF4E0900661874 /* CaptureTests.m in Sources */,
			);
			runOnlyForDeploymentPostprocessing = 0;
		};
/* End PBXSourcesBuildPhase section */

/* Begin PBXTargetDependency section */
		8BABDA3D18EF4E0900661874 /* PBXTargetDependency */ = {
			isa = PBXTargetDependency;
			target = 8BABDA1518EF4E0900661874 /* Capture */;
			targetProxy = 8BABDA3C18EF4E0900661874 /* PBXContainerItemProxy */;
		};
/* End PBXTargetDependency section */

/* Begin PBXVariantGroup section */
		8BABDA2418EF4E0900661874 /* InfoPlist.strings */ = {
			isa = PBXVariantGroup;
			children = (
				8BABDA2518EF4E0900661874 /* en */,
			);
			name = InfoPlist.strings;
			sourceTree = "<group>";
		};
		8BABDA4118EF4E0900661874 /* InfoPlist.strings */ = {
			isa = PBXVariantGroup;
			children = (
				8BABDA4218EF4E0900661874 /* en */,
			);
			name = InfoPlist.strings;
			sourceTree = "<group>";
		};
/* End PBXVariantGroup section */

/* Begin XCBuildConfiguration section */
		8BABDA4618EF4E0900661874 /* Debug */ = {
			isa = XCBuildConfiguration;
			buildSettings = {
				ALWAYS_SEARCH_USER_PATHS = NO;
				CLANG_CXX_LANGUAGE_STANDARD = "gnu++0x";
				CLANG_CXX_LIBRARY = "libc++";
				CLANG_ENABLE_MODULES = YES;
				CLANG_ENABLE_OBJC_ARC = YES;
				CLANG_WARN_BOOL_CONVERSION = YES;
				CLANG_WARN_CONSTANT_CONVERSION = YES;
				CLANG_WARN_DIRECT_OBJC_ISA_USAGE = YES_ERROR;
				CLANG_WARN_EMPTY_BODY = YES;
				CLANG_WARN_ENUM_CONVERSION = YES;
				CLANG_WARN_INT_CONVERSION = YES;
				CLANG_WARN_OBJC_ROOT_CLASS = YES_ERROR;
				CLANG_WARN__DUPLICATE_METHOD_MATCH = YES;
				"CODE_SIGN_IDENTITY[sdk=iphoneos*]" = "iPhone Developer";
				COPY_PHASE_STRIP = NO;
				GCC_C_LANGUAGE_STANDARD = gnu99;
				GCC_DYNAMIC_NO_PIC = NO;
				GCC_OPTIMIZATION_LEVEL = 0;
				GCC_PREPROCESSOR_DEFINITIONS = (
					"DEBUG=1",
					"$(inherited)",
				);
				GCC_SYMBOLS_PRIVATE_EXTERN = NO;
				GCC_WARN_64_TO_32_BIT_CONVERSION = YES;
				GCC_WARN_ABOUT_RETURN_TYPE = YES_ERROR;
				GCC_WARN_UNDECLARED_SELECTOR = YES;
				GCC_WARN_UNINITIALIZED_AUTOS = YES_AGGRESSIVE;
				GCC_WARN_UNUSED_FUNCTION = YES;
				GCC_WARN_UNUSED_VARIABLE = YES;
				IPHONEOS_DEPLOYMENT_TARGET = 7.1;
				ONLY_ACTIVE_ARCH = YES;
				SDKROOT = iphoneos;
			};
			name = Debug;
		};
		8BABDA4718EF4E0900661874 /* Release */ = {
			isa = XCBuildConfiguration;
			buildSettings = {
				ALWAYS_SEARCH_USER_PATHS = NO;
				CLANG_CXX_LANGUAGE_STANDARD = "gnu++0x";
				CLANG_CXX_LIBRARY = "libc++";
				CLANG_ENABLE_MODULES = YES;
				CLANG_ENABLE_OBJC_ARC = YES;
				CLANG_WARN_BOOL_CONVERSION = YES;
				CLANG_WARN_CONSTANT_CONVERSION = YES;
				CLANG_WARN_DIRECT_OBJC_ISA_USAGE = YES_ERROR;
				CLANG_WARN_EMPTY_BODY = YES;
				CLANG_WARN_ENUM_CONVERSION = YES;
				CLANG_WARN_INT_CONVERSION = YES;
				CLANG_WARN_OBJC_ROOT_CLASS = YES_ERROR;
				CLANG_WARN__DUPLICATE_METHOD_MATCH = YES;
				"CODE_SIGN_IDENTITY[sdk=iphoneos*]" = "iPhone Developer";
				COPY_PHASE_STRIP = YES;
				ENABLE_NS_ASSERTIONS = NO;
				GCC_C_LANGUAGE_STANDARD = gnu99;
				GCC_WARN_64_TO_32_BIT_CONVERSION = YES;
				GCC_WARN_ABOUT_RETURN_TYPE = YES_ERROR;
				GCC_WARN_UNDECLARED_SELECTOR = YES;
				GCC_WARN_UNINITIALIZED_AUTOS = YES_AGGRESSIVE;
				GCC_WARN_UNUSED_FUNCTION = YES;
				GCC_WARN_UNUSED_VARIABLE = YES;
				IPHONEOS_DEPLOYMENT_TARGET = 7.1;
				SDKROOT = iphoneos;
				VALIDATE_PRODUCT = YES;
			};
			name = Release;
		};
		8BABDA4918EF4E0900661874 /* Debug */ = {
			isa = XCBuildConfiguration;
			buildSettings = {
				ASSETCATALOG_COMPILER_APPICON_NAME = AppIcon;
				ASSETCATALOG_COMPILER_LAUNCHIMAGE_NAME = LaunchImage;
				GCC_PRECOMPILE_PREFIX_HEADER = YES;
				GCC_PREFIX_HEADER = "Capture/Capture-Prefix.pch";
				INFOPLIST_FILE = "Capture/Capture-Info.plist";
				PRODUCT_NAME = "$(TARGET_NAME)";
				WRAPPER_EXTENSION = app;
			};
			name = Debug;
		};
		8BABDA4A18EF4E0900661874 /* Release */ = {
			isa = XCBuildConfiguration;
			buildSettings = {
				ASSETCATALOG_COMPILER_APPICON_NAME = AppIcon;
				ASSETCATALOG_COMPILER_LAUNCHIMAGE_NAME = LaunchImage;
				GCC_PRECOMPILE_PREFIX_HEADER = YES;
				GCC_PREFIX_HEADER = "Capture/Capture-Prefix.pch";
				INFOPLIST_FILE = "Capture/Capture-Info.plist";
				PRODUCT_NAME = "$(TARGET_NAME)";
				WRAPPER_EXTENSION = app;
			};
			name = Release;
		};
		8BABDA4C18EF4E0900661874 /* Debug */ = {
			isa = XCBuildConfiguration;
			buildSettings = {
				BUNDLE_LOADER = "$(BUILT_PRODUCTS_DIR)/Capture.app/Capture";
				FRAMEWORK_SEARCH_PATHS = (
					"$(SDKROOT)/Developer/Library/Frameworks",
					"$(inherited)",
					"$(DEVELOPER_FRAMEWORKS_DIR)",
				);
				GCC_PRECOMPILE_PREFIX_HEADER = YES;
				GCC_PREFIX_HEADER = "Capture/Capture-Prefix.pch";
				GCC_PREPROCESSOR_DEFINITIONS = (
					"DEBUG=1",
					"$(inherited)",
				);
				INFOPLIST_FILE = "CaptureTests/CaptureTests-Info.plist";
				PRODUCT_NAME = "$(TARGET_NAME)";
				TEST_HOST = "$(BUNDLE_LOADER)";
				WRAPPER_EXTENSION = xctest;
			};
			name = Debug;
		};
		8BABDA4D18EF4E0900661874 /* Release */ = {
			isa = XCBuildConfiguration;
			buildSettings = {
				BUNDLE_LOADER = "$(BUILT_PRODUCTS_DIR)/Capture.app/Capture";
				FRAMEWORK_SEARCH_PATHS = (
					"$(SDKROOT)/Developer/Library/Frameworks",
					"$(inherited)",
					"$(DEVELOPER_FRAMEWORKS_DIR)",
				);
				GCC_PRECOMPILE_PREFIX_HEADER = YES;
				GCC_PREFIX_HEADER = "Capture/Capture-Prefix.pch";
				INFOPLIST_FILE = "CaptureTests/CaptureTests-Info.plist";
				PRODUCT_NAME = "$(TARGET_NAME)";
				TEST_HOST = "$(BUNDLE_LOADER)";
				WRAPPER_EXTENSION = xctest;
			};
			name = Release;
		};
/* End XCBuildConfiguration section */

/* Begin XCConfigurationList section */
		8BABDA1118EF4E0900661874 /* Build configuration list for PBXProject "Capture" */ = {
			isa = XCConfigurationList;
			buildConfigurations = (
				8BABDA4618EF4E0900661874 /* Debug */,
				8BABDA4718EF4E0900661874 /* Release */,
			);
			defaultConfigurationIsVisible = 0;
			defaultConfigurationName = Release;
		};
		8BABDA4818EF4E0900661874 /* Build configuration list for PBXNativeTarget "Capture" */ = {
			isa = XCConfigurationList;
			buildConfigurations = (
				8BABDA4918EF4E0900661874 /* Debug */,
				8BABDA4A18EF4E0900661874 /* Release */,
			);
			defaultConfigurationIsVisible = 0;
		};
		8BABDA4B18EF4E0900661874 /* Build configuration list for PBXNativeTarget "CaptureTests" */ = {
			isa = XCConfigurationList;
			buildConfigurations = (
				8BABDA4C18EF4E0900661874 /* Debug */,
				8BABDA4D18EF4E0900661874 /* Release */,
			);
			defaultConfigurationIsVisible = 0;
		};
/* End XCConfigurationList section */

/* Begin XCVersionGroup section */
		8BABDA2D18EF4E0900661874 /* Capture.xcdatamodeld */ = {
			isa = XCVersionGroup;
			children = (
				8BABDA2E18EF4E0900661874 /* Capture.xcdatamodel */,
			);
			currentVersion = 8BABDA2E18EF4E0900661874 /* Capture.xcdatamodel */;
			path = Capture.xcdatamodeld;
			sourceTree = "<group>";
			versionGroupType = wrapper.xcdatamodel;
		};
/* End XCVersionGroup section */
	};
	rootObject = 8BABDA0E18EF4E0900661874 /* Project object */;
}
